
Microsoft Visual Studio Solution File, Format Version 12.00
# Visual Studio Version 17
VisualStudioVersion = 17.9.34310.174
MinimumVisualStudioVersion = 10.0.40219.1
Project("{FAE04EC0-301F-11D3-BF4B-00C04F79EFBC}") = "FlightSearchCaseStudy.Tests", "FlightSearchCaseStudy.Tests\FlightSearchCaseStudy.Tests.csproj", "{C392153A-6646-443E-9080-7BC3D32186CC}"
EndProject
Global
	GlobalSection(SolutionConfigurationPlatforms) = preSolution
		Debug|Any CPU = Debug|Any CPU
		Release|Any CPU = Release|Any CPU
	EndGlobalSection
	GlobalSection(ProjectConfigurationPlatforms) = postSolution
		{C392153A-6646-443E-9080-7BC3D32186CC}.Debug|Any CPU.ActiveCfg = Debug|Any CPU
		{C392153A-6646-443E-9080-7BC3D32186CC}.Debug|Any CPU.Build.0 = Debug|Any CPU
		{C392153A-6646-443E-9080-7BC3D32186CC}.Release|Any CPU.ActiveCfg = Release|Any CPU
		{C392153A-6646-443E-9080-7BC3D32186CC}.Release|Any CPU.Build.0 = Release|Any CPU
	EndGlobalSection
	GlobalSection(SolutionProperties) = preSolution
		HideSolutionNode = FALSE
	EndGlobalSection
	GlobalSection(ExtensibilityGlobals) = postSolution
		SolutionGuid = {9E4B7065-2C97-4B68-A8F6-B3C94760A2C5}
	EndGlobalSection
EndGlobal
